{
  "version": "3",
  "remote": {
    "https://deno.land/std@0.200.0/_util/os.ts": "d932f56d41e4f6a6093d56044e29ce637f8dcc43c5a90af43504a889cf1775e3",
    "https://deno.land/std@0.200.0/assert/assert.ts": "9a97dad6d98c238938e7540736b826440ad8c1c1e54430ca4c4e623e585607ee",
    "https://deno.land/std@0.200.0/assert/assertion_error.ts": "4d0bde9b374dfbcbe8ac23f54f567b77024fb67dbb1906a852d67fe050d42f56",
    "https://deno.land/std@0.200.0/async/deferred.ts": "42790112f36a75a57db4a96d33974a936deb7b04d25c6084a9fa8a49f135def8",
    "https://deno.land/std@0.200.0/bytes/bytes_list.ts": "31d664f4d42fa922066405d0e421c56da89d751886ee77bbe25a88bf0310c9d0",
    "https://deno.land/std@0.200.0/bytes/concat.ts": "d26d6f3d7922e6d663dacfcd357563b7bf4a380ce5b9c2bbe0c8586662f25ce2",
    "https://deno.land/std@0.200.0/bytes/copy.ts": "939d89e302a9761dcf1d9c937c7711174ed74c59eef40a1e4569a05c9de88219",
    "https://deno.land/std@0.200.0/bytes/ends_with.ts": "4228811ebc71615d27f065c54b5e815ec1972538772b0f413c0efe05245b472e",
    "https://deno.land/std@0.200.0/bytes/equals.ts": "fc190cce412b2136979181b163ec7e05f7e7a947e39102eee4b8c0d62519ddf9",
    "https://deno.land/std@0.200.0/bytes/includes_needle.ts": "76a8163126fb2f8bf86fd7f22192c3bb04bf6a20b987a095127c2ca08adf3ba6",
    "https://deno.land/std@0.200.0/bytes/index_of_needle.ts": "9c06610e9611b5647ac25952e71a22e09227c9f1b8cbeeb33399bf8bf8a7f649",
    "https://deno.land/std@0.200.0/bytes/last_index_of_needle.ts": "f1602f221c3b678bc4f1e1c88a70a15ab7da32c21751dbbc6c957c956951d784",
    "https://deno.land/std@0.200.0/bytes/mod.ts": "e869bba1e7a2e3a9cc6c2d55471888429a544e70a840c087672e656e7ba21815",
    "https://deno.land/std@0.200.0/bytes/repeat.ts": "6f5e490d8d72bcbf8d84a6bb04690b9b3eb5822c5a11687bca73a2318a842294",
    "https://deno.land/std@0.200.0/bytes/starts_with.ts": "3e607a70c9c09f5140b7a7f17a695221abcc7244d20af3eb47ccbb63f5885135",
    "https://deno.land/std@0.200.0/crypto/keystack.ts": "877ab0f19eb7d37ad6495190d3c3e39f58e9c52e0b6a966f82fd6df67ca55f90",
    "https://deno.land/std@0.200.0/crypto/timing_safe_equal.ts": "7b0a4d2ef1c17590e0ad6c0cb1776369d2ba80cd99e945005e117851690507fe",
    "https://deno.land/std@0.200.0/encoding/base64.ts": "144ae6234c1fbe5b68666c711dc15b1e9ee2aef6d42b3b4345bf9a6c91d70d0d",
    "https://deno.land/std@0.200.0/encoding/base64url.ts": "2ed4ba122b20fedf226c5d337cf22ee2024fa73a8f85d915d442af7e9ce1fae1",
    "https://deno.land/std@0.200.0/http/_negotiation/common.ts": "14d1a52427ab258a4b7161cd80e1d8a207b7cc64b46e911780f57ead5f4323c6",
    "https://deno.land/std@0.200.0/http/_negotiation/encoding.ts": "ff747d107277c88cb7a6a62a08eeb8d56dad91564cbcccb30694d5dc126dcc53",
    "https://deno.land/std@0.200.0/http/_negotiation/language.ts": "7bcddd8db3330bdb7ce4fc00a213c5547c1968139864201efd67ef2d0d51887d",
    "https://deno.land/std@0.200.0/http/_negotiation/media_type.ts": "58847517cd549384ad677c0fe89e0a4815be36fe7a303ea63cee5f6a1d7e1692",
    "https://deno.land/std@0.200.0/http/cookie_map.ts": "64601025a7d24c3ebd80a169ccc99145bdbfc60606935348e1d4366d0bf9010d",
    "https://deno.land/std@0.200.0/http/etag.ts": "807382795850cde5c437c74bcc09392bc0fc56de348fc1271f383f4b28935b9f",
    "https://deno.land/std@0.200.0/http/http_errors.ts": "bbda34819060af86537cecc9dc8e045f877130808b7e7acde4197c5328e852d0",
    "https://deno.land/std@0.200.0/http/http_status.ts": "8a7bcfe3ac025199ad804075385e57f63d055b2aed539d943ccc277616d6f932",
    "https://deno.land/std@0.200.0/http/method.ts": "e66c2a015cb46c21ab0bb3589aa4fca43143a506cb324ffdfd42d2edef7bc0c4",
    "https://deno.land/std@0.200.0/http/negotiation.ts": "46e74a6bad4b857333a58dc5b50fe8e5a4d5267e97292293ea65f980bd918086",
    "https://deno.land/std@0.200.0/http/server_sent_event.ts": "29f707c1afa5278ac0315ac115ee679d6b93596d5af3fad5ef33f04254ca76c1",
    "https://deno.land/std@0.200.0/http/user_agent.ts": "35d3c70d0926b0e121b8c1bbc324b3522479158acaa4f0c43928362b7bf4e6f4",
    "https://deno.land/std@0.200.0/io/buf_reader.ts": "2bccff0878537ef201c5051fc0db0ce8196388c5ea69d2be6be1900fe48c5f4b",
    "https://deno.land/std@0.200.0/io/buf_writer.ts": "48c33c8f00b61dcbc7958706741cec8e59810bd307bc6a326cbd474fe8346dfd",
    "https://deno.land/std@0.200.0/io/buffer.ts": "4d6883daeb2e698579c4064170515683d69f40f3de019bfe46c5cf31e74ae793",
    "https://deno.land/std@0.200.0/io/copy_n.ts": "c055296297b9d4897d90d1ac056b072dc02614e60c67f438e23fbce052ea4c69",
    "https://deno.land/std@0.200.0/io/limited_reader.ts": "6c9a216f8eef39c1ee2a6b37a29372c8fc63455b2eeb91f06d9646f8f759fc8b",
    "https://deno.land/std@0.200.0/io/mod.ts": "2665bcccc1fd6e8627cca167c3e92aaecbd9897556b6f69e6d258070ef63fd9b",
    "https://deno.land/std@0.200.0/io/multi_reader.ts": "9c2a0a31686c44b277e16da1d97b4686a986edcee48409b84be25eedbc39b271",
    "https://deno.land/std@0.200.0/io/read_delim.ts": "c02b93cc546ae8caad8682ae270863e7ace6daec24c1eddd6faabc95a9d876a3",
    "https://deno.land/std@0.200.0/io/read_int.ts": "7cb8bcdfaf1107586c3bacc583d11c64c060196cb070bb13ae8c2061404f911f",
    "https://deno.land/std@0.200.0/io/read_lines.ts": "c526c12a20a9386dc910d500f9cdea43cba974e853397790bd146817a7eef8cc",
    "https://deno.land/std@0.200.0/io/read_long.ts": "f0aaa420e3da1261c5d33c5e729f09922f3d9fa49f046258d4ff7a00d800c71e",
    "https://deno.land/std@0.200.0/io/read_range.ts": "46a2263d0f8369b6d9abb0b25d99ceb65ff08d621fc57bcc53832e6979295043",
    "https://deno.land/std@0.200.0/io/read_short.ts": "805cb329574b850b84bf14a92c052c59b5977a492cd780c41df8ad40826c1a20",
    "https://deno.land/std@0.200.0/io/read_string_delim.ts": "5dc9f53bdf78e7d4ee1e56b9b60352238ab236a71c3e3b2a713c3d78472a53ce",
    "https://deno.land/std@0.200.0/io/slice_long_to_bytes.ts": "48d9bace92684e880e46aa4a2520fc3867f9d7ce212055f76ecc11b22f9644b7",
    "https://deno.land/std@0.200.0/io/string_reader.ts": "da0f68251b3d5b5112485dfd4d1b1936135c9b4d921182a7edaf47f74c25cc8f",
    "https://deno.land/std@0.200.0/io/string_writer.ts": "8a03c5858c24965a54c6538bed15f32a7c72f5704a12bda56f83a40e28e5433e",
    "https://deno.land/std@0.200.0/media_types/_db.ts": "7606d83e31f23ce1a7968cbaee852810c2cf477903a095696cdc62eaab7ce570",
    "https://deno.land/std@0.200.0/media_types/_util.ts": "916efbd30b6148a716f110e67a4db29d6949bf4048997b754415dd7e42c52378",
    "https://deno.land/std@0.200.0/media_types/content_type.ts": "ad98a5aa2d95f5965b2796072284258710a25e520952376ed432b0937ce743bc",
    "https://deno.land/std@0.200.0/media_types/extension.ts": "a7cd28c9417143387cdfed27d4e8607ebcf5b1ec27eb8473d5b000144689fe65",
    "https://deno.land/std@0.200.0/media_types/extensions_by_type.ts": "43806d6a52a0d6d965ada9d20e60a982feb40bc7a82268178d94edb764694fed",
    "https://deno.land/std@0.200.0/media_types/format_media_type.ts": "f5e1073c05526a6f5a516ac5c5587a1abd043bf1039c71cde1166aa4328c8baf",
    "https://deno.land/std@0.200.0/media_types/get_charset.ts": "18b88274796fda5d353806bf409eb1d2ddb3f004eb4bd311662c4cdd8ac173db",
    "https://deno.land/std@0.200.0/media_types/mod.ts": "d3f0b99f85053bc0b98ecc24eaa3546dfa09b856dc0bbaf60d8956d2cdd710c8",
    "https://deno.land/std@0.200.0/media_types/parse_media_type.ts": "8cb0144385c555c9ce81881b7cee3fbb746f23b4af988fecdb7bd01ef8cc35b1",
    "https://deno.land/std@0.200.0/media_types/type_by_extension.ts": "daa801eb0f11cdf199445d0f1b656cf116d47dcf9e5b85cc1e6b4469f5ee0432",
    "https://deno.land/std@0.200.0/media_types/vendor/mime-db.v1.52.0.ts": "6925bbcae81ca37241e3f55908d0505724358cda3384eaea707773b2c7e99586",
    "https://deno.land/std@0.200.0/path/_basename.ts": "057d420c9049821f983f784fd87fa73ac471901fb628920b67972b0f44319343",
    "https://deno.land/std@0.200.0/path/_constants.ts": "e49961f6f4f48039c0dfed3c3f93e963ca3d92791c9d478ac5b43183413136e0",
    "https://deno.land/std@0.200.0/path/_dirname.ts": "355e297236b2218600aee7a5301b937204c62e12da9db4b0b044993d9e658395",
    "https://deno.land/std@0.200.0/path/_extname.ts": "eaaa5aae1acf1f03254d681bd6a8ce42a9cb5b7ff2213a9d4740e8ab31283664",
    "https://deno.land/std@0.200.0/path/_format.ts": "4a99270d6810f082e614309164fad75d6f1a483b68eed97c830a506cc589f8b4",
    "https://deno.land/std@0.200.0/path/_from_file_url.ts": "7e4e5626089785adddb061f1b9f4932d6b21c7df778e7449531a11e32048245c",
    "https://deno.land/std@0.200.0/path/_interface.ts": "6471159dfbbc357e03882c2266d21ef9afdb1e4aa771b0545e90db58a0ba314b",
    "https://deno.land/std@0.200.0/path/_is_absolute.ts": "05dac10b5e93c63198b92e3687baa2be178df5321c527dc555266c0f4f51558c",
    "https://deno.land/std@0.200.0/path/_join.ts": "fd78555bc34d5f188918fc7018dfe8fe2df5bbad94a3b30a433666c03934d77f",
    "https://deno.land/std@0.200.0/path/_normalize.ts": "a19ec8706b2707f9dd974662a5cd89fad438e62ab1857e08b314a8eb49a34d81",
    "https://deno.land/std@0.200.0/path/_parse.ts": "0f9b0ff43682dd9964eb1c4398610c4e165d8db9d3ac9d594220217adf480cfa",
    "https://deno.land/std@0.200.0/path/_relative.ts": "27bdeffb5311a47d85be26d37ad1969979359f7636c5cd9fcf05dcd0d5099dc5",
    "https://deno.land/std@0.200.0/path/_resolve.ts": "7a3616f1093735ed327e758313b79c3c04ea921808ca5f19ddf240cb68d0adf6",
    "https://deno.land/std@0.200.0/path/_to_file_url.ts": "739bfda583598790b2e77ce227f2bb618f6ebdb939788cea47555b43970ec58c",
    "https://deno.land/std@0.200.0/path/_to_namespaced_path.ts": "0d5f4caa2ed98ef7a8786286df6af804b50e38859ae897b5b5b4c8c5930a75c8",
    "https://deno.land/std@0.200.0/path/_util.ts": "4e191b1bac6b3bf0c31aab42e5ca2e01a86ab5a0d2e08b75acf8585047a86221",
    "https://deno.land/std@0.200.0/path/basename.ts": "6f08fbb90dbfcf320765b3abb01f995b1723f75e2534acfd5380e202c802a3aa",
    "https://deno.land/std@0.200.0/path/common.ts": "ee7505ab01fd22de3963b64e46cff31f40de34f9f8de1fff6a1bd2fe79380000",
    "https://deno.land/std@0.200.0/path/dirname.ts": "098996822a31b4c46e1eb52a19540d3c6f9f54b772fc8a197939eeabc29fca2f",
    "https://deno.land/std@0.200.0/path/extname.ts": "9b83c62fd16505739541f7a3ab447d8972da39dbf668d47af2f93206c2480893",
    "https://deno.land/std@0.200.0/path/format.ts": "cb22f95cc7853d590b87708cc9441785e760d711188facff3d225305a8213aca",
    "https://deno.land/std@0.200.0/path/from_file_url.ts": "a6221cfc928928ec4d9786d767dfac98fa2ab746af0786446c9834a07b98817e",
    "https://deno.land/std@0.200.0/path/glob.ts": "d479e0a695621c94d3fd7fe7abd4f9499caf32a8de13f25073451c6ef420a4e1",
    "https://deno.land/std@0.200.0/path/is_absolute.ts": "6b3d36352eb7fa29edb53f9e7b09b1aeb022a3c5465764f6cc5b8c41f9736197",
    "https://deno.land/std@0.200.0/path/join.ts": "4a2867ff2f3c81ffc9eb3d56dade16db6f8bd3854f269306d23dad4115089c84",
    "https://deno.land/std@0.200.0/path/mod.ts": "7765507696cb321994cdacfc19ee3ba61e8e3ebf4bd98fa75a276cf5dc18ce2a",
    "https://deno.land/std@0.200.0/path/normalize.ts": "7d992cd262b2deefa842d93a8ba2ed51f3949ba595b1d07f627ac2cddbc74808",
    "https://deno.land/std@0.200.0/path/parse.ts": "031fe488b3497fb8312fc1dc3c3d6c2d80707edd9c661e18ee9fd20f95edf322",
    "https://deno.land/std@0.200.0/path/posix.ts": "0a1c1952d132323a88736d03e92bd236f3ed5f9f079e5823fae07c8d978ee61b",
    "https://deno.land/std@0.200.0/path/relative.ts": "7db80c5035016174267da16321a742d76e875215c317859a383b12f413c6f5d6",
    "https://deno.land/std@0.200.0/path/resolve.ts": "103b62207726a27f28177f397008545804ecb20aaf00623af1f622b18cd80b9f",
    "https://deno.land/std@0.200.0/path/separator.ts": "0fb679739d0d1d7bf45b68dacfb4ec7563597a902edbaf3c59b50d5bcadd93b1",
    "https://deno.land/std@0.200.0/path/to_file_url.ts": "dd32f7a01bbf3b15b5df46796659984b372973d9b2d7d59bcf0eb990763a0cb5",
    "https://deno.land/std@0.200.0/path/to_namespaced_path.ts": "4e643ab729bf49ccdc166ad48d2de262ff462938fcf2a44a4425588f4a0bd690",
    "https://deno.land/std@0.200.0/path/win32.ts": "8b3f80ef7a462511d5e8020ff490edcaa0a0d118f1b1e9da50e2916bdd73f9dd",
    "https://deno.land/std@0.200.0/streams/_common.ts": "f45cba84f0d813de3326466095539602364a9ba521f804cc758f7a475cda692d",
    "https://deno.land/std@0.200.0/streams/buffer.ts": "6cd773d22cf21bb988a98cc551b5abfc4c3b03516f93eaa3fb6f2f6e16032deb",
    "https://deno.land/std@0.200.0/streams/byte_slice_stream.ts": "c46d7c74836fc8c1a9acd9fe211cbe1bbaaee1b36087c834fb03af4991135c3a",
    "https://deno.land/std@0.200.0/streams/copy.ts": "75cbc795ff89291df22ddca5252de88b2e16d40c85d02840593386a8a1454f71",
    "https://deno.land/std@0.200.0/streams/delimiter_stream.ts": "f69e849b3d1f59f02424497273f411105a6f76a9f13da92aeeb9a2d554236814",
    "https://deno.land/std@0.200.0/streams/early_zip_readable_streams.ts": "4005fa74162b943f79899e5d7cb96adcbc0a6b867f9144974ed12d30e0a556e1",
    "https://deno.land/std@0.200.0/streams/iterate_reader.ts": "bbec1d45c2df2c0c5920bad0549351446fdc8e0886d99e95959b259dbcdb6072",
    "https://deno.land/std@0.200.0/streams/limited_bytes_transform_stream.ts": "05dc592ffaab83257494d22dd53917e56243c26e5e3129b3f13ddbbbc4785048",
    "https://deno.land/std@0.200.0/streams/limited_transform_stream.ts": "d69ab790232c1b86f53621ad41ef03c235f2abb4b7a1cd51960ad6e12ee55e38",
    "https://deno.land/std@0.200.0/streams/merge_readable_streams.ts": "dc2db0cbf1b14d999aa2aa2a2a1ba24ce58953878f29845ed9319321d0a01fab",
    "https://deno.land/std@0.200.0/streams/mod.ts": "c07ec010e700b9ea887dc36ca08729828bc7912f711e4054e24d33fd46282252",
    "https://deno.land/std@0.200.0/streams/read_all.ts": "ee319772fb0fd28302f97343cc48dfcf948f154fd0d755d8efe65814b70533be",
    "https://deno.land/std@0.200.0/streams/readable_stream_from_iterable.ts": "a355e97ba8671a4611ae9671c1f33c4a7e6a1b42fbdc9a399338ac3d6f875364",
    "https://deno.land/std@0.200.0/streams/readable_stream_from_reader.ts": "bfc416c4576a30aac6b9af22c9dc292c20c6742141ee7c55b5e85460beb0c54e",
    "https://deno.land/std@0.200.0/streams/reader_from_iterable.ts": "55f68110dce3f8f2c87b834d95f153bc904257fc65175f9f2abe78455cb8047c",
    "https://deno.land/std@0.200.0/streams/reader_from_stream_reader.ts": "fa4971e5615a010e49492c5d1688ca1a4d17472a41e98b498ab89a64ebd7ac73",
    "https://deno.land/std@0.200.0/streams/text_delimiter_stream.ts": "20e680ab8b751390e359288ce764f9c47d164af11a263870746eeca4bc7d976b",
    "https://deno.land/std@0.200.0/streams/text_line_stream.ts": "0f2c4b33a5fdb2476f2e060974cba1347cefe99a4af33c28a57524b1a34750fa",
    "https://deno.land/std@0.200.0/streams/to_transform_stream.ts": "89fd367cafb3b6d80d61e2f4f1fcf66cc75723ecee8d474b495f022264ec6c3b",
    "https://deno.land/std@0.200.0/streams/writable_stream_from_writer.ts": "56fff5c82fb736fdd669b567cc0b2bbbe0351002cd13254eae26c366e2bed89a",
    "https://deno.land/std@0.200.0/streams/write_all.ts": "aec90152978581ea62d56bb53a5cbf487e6a89c902f87c5969681ffbdf32b998",
    "https://deno.land/std@0.200.0/streams/writer_from_stream_writer.ts": "07c7ee025151a190f37fc42cbb01ff93afc949119ebddc6e0d0df14df1bf6950",
    "https://deno.land/std@0.200.0/streams/zip_readable_streams.ts": "a9d81aa451240f79230add674809dbee038d93aabe286e2d9671e66591fc86ca",
    "https://deno.land/std@0.222.1/assert/assert.ts": "09d30564c09de846855b7b071e62b5974b001bb72a4b797958fe0660e7849834",
    "https://deno.land/std@0.222.1/assert/assertion_error.ts": "ba8752bd27ebc51f723702fac2f54d3e94447598f54264a6653d6413738a8917",
    "https://deno.land/std@0.222.1/cli/parse_args.ts": "5250832fb7c544d9111e8a41ad272c016f5a53f975ef84d5a9fe5fcb70566ece",
    "https://deno.land/std@0.222.1/encoding/_util.ts": "beacef316c1255da9bc8e95afb1fa56ed69baef919c88dc06ae6cb7a6103d376",
    "https://deno.land/std@0.222.1/encoding/base64.ts": "dd59695391584c8ffc5a296ba82bcdba6dd8a84d41a6a539fbee8e5075286eaf",
    "https://deno.land/std@0.222.1/fmt/bytes.ts": "7b294a4b9cf0297efa55acb55d50610f3e116a0ac772d1df0ae00f0b833ccd4a",
    "https://deno.land/std@0.222.1/fmt/colors.ts": "d239d84620b921ea520125d778947881f62c50e78deef2657073840b8af9559a",
    "https://deno.land/std@0.222.1/http/etag.ts": "9ca56531be682f202e4239971931060b688ee5c362688e239eeaca39db9e72cb",
    "https://deno.land/std@0.222.1/http/file_server.ts": "fe0a77a4de8c3dae3afa206b4317e2dce0b497252fb7319bf7febd6e65fded80",
    "https://deno.land/std@0.222.1/http/status.ts": "ed61b4882af2514a81aefd3245e8df4c47b9a8e54929a903577643d2d1ebf514",
    "https://deno.land/std@0.222.1/media_types/_db.ts": "19563a2491cd81b53b9c1c6ffd1a9145c355042d4a854c52f6e1424f73ff3923",
    "https://deno.land/std@0.222.1/media_types/_util.ts": "e0b8da0c7d8ad2015cf27ac16ddf0809ac984b2f3ec79f7fa4206659d4f10deb",
    "https://deno.land/std@0.222.1/media_types/content_type.ts": "ed3f2e1f243b418ad3f441edc95fd92efbadb0f9bde36219c7564c67f9639513",
    "https://deno.land/std@0.222.1/media_types/format_media_type.ts": "ffef4718afa2489530cb94021bb865a466eb02037609f7e82899c017959d288a",
    "https://deno.land/std@0.222.1/media_types/get_charset.ts": "277ebfceb205bd34e616fe6764ef03fb277b77f040706272bea8680806ae3f11",
    "https://deno.land/std@0.222.1/media_types/parse_media_type.ts": "487f000a38c230ccbac25420a50f600862e06796d0eee19d19631b9e84ee9654",
    "https://deno.land/std@0.222.1/media_types/type_by_extension.ts": "bf4e3f5d6b58b624d5daa01cbb8b1e86d9939940a77e7c26e796a075b60ec73b",
    "https://deno.land/std@0.222.1/media_types/vendor/mime-db.v1.52.0.ts": "0218d2c7d900e8cd6fa4a866e0c387712af4af9a1bae55d6b2546c73d273a1e6",
    "https://deno.land/std@0.222.1/path/_common/assert_path.ts": "dbdd757a465b690b2cc72fc5fb7698c51507dec6bfafce4ca500c46b76ff7bd8",
    "https://deno.land/std@0.222.1/path/_common/basename.ts": "569744855bc8445f3a56087fd2aed56bdad39da971a8d92b138c9913aecc5fa2",
    "https://deno.land/std@0.222.1/path/_common/common.ts": "ef73c2860694775fe8ffcbcdd387f9f97c7a656febf0daa8c73b56f4d8a7bd4c",
    "https://deno.land/std@0.222.1/path/_common/constants.ts": "dc5f8057159f4b48cd304eb3027e42f1148cf4df1fb4240774d3492b5d12ac0c",
    "https://deno.land/std@0.222.1/path/_common/dirname.ts": "684df4aa71a04bbcc346c692c8485594fc8a90b9408dfbc26ff32cf3e0c98cc8",
    "https://deno.land/std@0.222.1/path/_common/format.ts": "92500e91ea5de21c97f5fe91e178bae62af524b72d5fcd246d6d60ae4bcada8b",
    "https://deno.land/std@0.222.1/path/_common/from_file_url.ts": "d672bdeebc11bf80e99bf266f886c70963107bdd31134c4e249eef51133ceccf",
    "https://deno.land/std@0.222.1/path/_common/glob_to_reg_exp.ts": "6cac16d5c2dc23af7d66348a7ce430e5de4e70b0eede074bdbcf4903f4374d8d",
    "https://deno.land/std@0.222.1/path/_common/normalize.ts": "684df4aa71a04bbcc346c692c8485594fc8a90b9408dfbc26ff32cf3e0c98cc8",
    "https://deno.land/std@0.222.1/path/_common/normalize_string.ts": "33edef773c2a8e242761f731adeb2bd6d683e9c69e4e3d0092985bede74f4ac3",
    "https://deno.land/std@0.222.1/path/_common/relative.ts": "faa2753d9b32320ed4ada0733261e3357c186e5705678d9dd08b97527deae607",
    "https://deno.land/std@0.222.1/path/_common/strip_trailing_separators.ts": "7024a93447efcdcfeaa9339a98fa63ef9d53de363f1fbe9858970f1bba02655a",
    "https://deno.land/std@0.222.1/path/_common/to_file_url.ts": "7f76adbc83ece1bba173e6e98a27c647712cab773d3f8cbe0398b74afc817883",
    "https://deno.land/std@0.222.1/path/_interface.ts": "8dfeb930ca4a772c458a8c7bbe1e33216fe91c253411338ad80c5b6fa93ddba0",
    "https://deno.land/std@0.222.1/path/_os.ts": "8fb9b90fb6b753bd8c77cfd8a33c2ff6c5f5bc185f50de8ca4ac6a05710b2c15",
    "https://deno.land/std@0.222.1/path/basename.ts": "7ee495c2d1ee516ffff48fb9a93267ba928b5a3486b550be73071bc14f8cc63e",
    "https://deno.land/std@0.222.1/path/common.ts": "03e52e22882402c986fe97ca3b5bb4263c2aa811c515ce84584b23bac4cc2643",
    "https://deno.land/std@0.222.1/path/constants.ts": "0c206169ca104938ede9da48ac952de288f23343304a1c3cb6ec7625e7325f36",
    "https://deno.land/std@0.222.1/path/dirname.ts": "85bd955bf31d62c9aafdd7ff561c4b5fb587d11a9a5a45e2b01aedffa4238a7c",
    "https://deno.land/std@0.222.1/path/extname.ts": "593303db8ae8c865cbd9ceec6e55d4b9ac5410c1e276bfd3131916591b954441",
    "https://deno.land/std@0.222.1/path/format.ts": "6ce1779b0980296cf2bc20d66436b12792102b831fd281ab9eb08fa8a3e6f6ac",
    "https://deno.land/std@0.222.1/path/from_file_url.ts": "911833ae4fd10a1c84f6271f36151ab785955849117dc48c6e43b929504ee069",
    "https://deno.land/std@0.222.1/path/glob_to_regexp.ts": "7f30f0a21439cadfdae1be1bf370880b415e676097fda584a63ce319053b5972",
    "https://deno.land/std@0.222.1/path/is_absolute.ts": "4791afc8bfd0c87f0526eaa616b0d16e7b3ab6a65b62942e50eac68de4ef67d7",
    "https://deno.land/std@0.222.1/path/is_glob.ts": "a65f6195d3058c3050ab905705891b412ff942a292bcbaa1a807a74439a14141",
    "https://deno.land/std@0.222.1/path/join.ts": "ae2ec5ca44c7e84a235fd532e4a0116bfb1f2368b394db1c4fb75e3c0f26a33a",
    "https://deno.land/std@0.222.1/path/join_globs.ts": "5b3bf248b93247194f94fa6947b612ab9d3abd571ca8386cf7789038545e54a0",
    "https://deno.land/std@0.222.1/path/mod.ts": "2821a1bb3a4148a0ffe79c92aa41aa9319fef73c6d6f5178f52b2c720d3eb02d",
    "https://deno.land/std@0.222.1/path/normalize.ts": "4155743ccceeed319b350c1e62e931600272fad8ad00c417b91df093867a8352",
    "https://deno.land/std@0.222.1/path/normalize_glob.ts": "cc89a77a7d3b1d01053b9dcd59462b75482b11e9068ae6c754b5cf5d794b374f",
    "https://deno.land/std@0.222.1/path/parse.ts": "3e172974e3c71025f5fbd2bd9db4307acb9cc2de14cf6f4464bf40957663cabe",
    "https://deno.land/std@0.222.1/path/posix/_util.ts": "1e3937da30f080bfc99fe45d7ed23c47dd8585c5e473b2d771380d3a6937cf9d",
    "https://deno.land/std@0.222.1/path/posix/basename.ts": "d2fa5fbbb1c5a3ab8b9326458a8d4ceac77580961b3739cd5bfd1d3541a3e5f0",
    "https://deno.land/std@0.222.1/path/posix/common.ts": "26f60ccc8b2cac3e1613000c23ac5a7d392715d479e5be413473a37903a2b5d4",
    "https://deno.land/std@0.222.1/path/posix/constants.ts": "93481efb98cdffa4c719c22a0182b994e5a6aed3047e1962f6c2c75b7592bef1",
    "https://deno.land/std@0.222.1/path/posix/dirname.ts": "76cd348ffe92345711409f88d4d8561d8645353ac215c8e9c80140069bf42f00",
    "https://deno.land/std@0.222.1/path/posix/extname.ts": "e398c1d9d1908d3756a7ed94199fcd169e79466dd88feffd2f47ce0abf9d61d2",
    "https://deno.land/std@0.222.1/path/posix/format.ts": "185e9ee2091a42dd39e2a3b8e4925370ee8407572cee1ae52838aed96310c5c1",
    "https://deno.land/std@0.222.1/path/posix/from_file_url.ts": "951aee3a2c46fd0ed488899d024c6352b59154c70552e90885ed0c2ab699bc40",
    "https://deno.land/std@0.222.1/path/posix/glob_to_regexp.ts": "76f012fcdb22c04b633f536c0b9644d100861bea36e9da56a94b9c589a742e8f",
    "https://deno.land/std@0.222.1/path/posix/is_absolute.ts": "cebe561ad0ae294f0ce0365a1879dcfca8abd872821519b4fcc8d8967f888ede",
    "https://deno.land/std@0.222.1/path/posix/is_glob.ts": "8a8b08c08bf731acf2c1232218f1f45a11131bc01de81e5f803450a5914434b9",
    "https://deno.land/std@0.222.1/path/posix/join.ts": "7fc2cb3716aa1b863e990baf30b101d768db479e70b7313b4866a088db016f63",
    "https://deno.land/std@0.222.1/path/posix/join_globs.ts": "a9475b44645feddceb484ee0498e456f4add112e181cb94042cdc6d47d1cdd25",
    "https://deno.land/std@0.222.1/path/posix/mod.ts": "2301fc1c54a28b349e20656f68a85f75befa0ee9b6cd75bfac3da5aca9c3f604",
    "https://deno.land/std@0.222.1/path/posix/normalize.ts": "baeb49816a8299f90a0237d214cef46f00ba3e95c0d2ceb74205a6a584b58a91",
    "https://deno.land/std@0.222.1/path/posix/normalize_glob.ts": "9c87a829b6c0f445d03b3ecadc14492e2864c3ebb966f4cea41e98326e4435c6",
    "https://deno.land/std@0.222.1/path/posix/parse.ts": "0b1fc4cb890dbb699ec1d2c232d274843b4a7142e1ad976b69fe51c954eb6080",
    "https://deno.land/std@0.222.1/path/posix/relative.ts": "3907d6eda41f0ff723d336125a1ad4349112cd4d48f693859980314d5b9da31c",
    "https://deno.land/std@0.222.1/path/posix/resolve.ts": "08b699cfeee10cb6857ccab38fa4b2ec703b0ea33e8e69964f29d02a2d5257cf",
    "https://deno.land/std@0.222.1/path/posix/to_file_url.ts": "7aa752ba66a35049e0e4a4be5a0a31ac6b645257d2e031142abb1854de250aaf",
    "https://deno.land/std@0.222.1/path/posix/to_namespaced_path.ts": "28b216b3c76f892a4dca9734ff1cc0045d135532bfd9c435ae4858bfa5a2ebf0",
    "https://deno.land/std@0.222.1/path/relative.ts": "ab739d727180ed8727e34ed71d976912461d98e2b76de3d3de834c1066667add",
    "https://deno.land/std@0.222.1/path/resolve.ts": "a6f977bdb4272e79d8d0ed4333e3d71367cc3926acf15ac271f1d059c8494d8d",
    "https://deno.land/std@0.222.1/path/to_file_url.ts": "88f049b769bce411e2d2db5bd9e6fd9a185a5fbd6b9f5ad8f52bef517c4ece1b",
    "https://deno.land/std@0.222.1/path/to_namespaced_path.ts": "b706a4103b104cfadc09600a5f838c2ba94dbcdb642344557122dda444526e40",
    "https://deno.land/std@0.222.1/path/windows/_util.ts": "d5f47363e5293fced22c984550d5e70e98e266cc3f31769e1710511803d04808",
    "https://deno.land/std@0.222.1/path/windows/basename.ts": "6bbc57bac9df2cec43288c8c5334919418d784243a00bc10de67d392ab36d660",
    "https://deno.land/std@0.222.1/path/windows/common.ts": "26f60ccc8b2cac3e1613000c23ac5a7d392715d479e5be413473a37903a2b5d4",
    "https://deno.land/std@0.222.1/path/windows/constants.ts": "5afaac0a1f67b68b0a380a4ef391bf59feb55856aa8c60dfc01bd3b6abb813f5",
    "https://deno.land/std@0.222.1/path/windows/dirname.ts": "33e421be5a5558a1346a48e74c330b8e560be7424ed7684ea03c12c21b627bc9",
    "https://deno.land/std@0.222.1/path/windows/extname.ts": "165a61b00d781257fda1e9606a48c78b06815385e7d703232548dbfc95346bef",
    "https://deno.land/std@0.222.1/path/windows/format.ts": "bbb5ecf379305b472b1082cd2fdc010e44a0020030414974d6029be9ad52aeb6",
    "https://deno.land/std@0.222.1/path/windows/from_file_url.ts": "ced2d587b6dff18f963f269d745c4a599cf82b0c4007356bd957cb4cb52efc01",
    "https://deno.land/std@0.222.1/path/windows/glob_to_regexp.ts": "e45f1f89bf3fc36f94ab7b3b9d0026729829fabc486c77f414caebef3b7304f8",
    "https://deno.land/std@0.222.1/path/windows/is_absolute.ts": "4a8f6853f8598cf91a835f41abed42112cebab09478b072e4beb00ec81f8ca8a",
    "https://deno.land/std@0.222.1/path/windows/is_glob.ts": "8a8b08c08bf731acf2c1232218f1f45a11131bc01de81e5f803450a5914434b9",
    "https://deno.land/std@0.222.1/path/windows/join.ts": "8d03530ab89195185103b7da9dfc6327af13eabdcd44c7c63e42e27808f50ecf",
    "https://deno.land/std@0.222.1/path/windows/join_globs.ts": "a9475b44645feddceb484ee0498e456f4add112e181cb94042cdc6d47d1cdd25",
    "https://deno.land/std@0.222.1/path/windows/mod.ts": "2301fc1c54a28b349e20656f68a85f75befa0ee9b6cd75bfac3da5aca9c3f604",
    "https://deno.land/std@0.222.1/path/windows/normalize.ts": "78126170ab917f0ca355a9af9e65ad6bfa5be14d574c5fb09bb1920f52577780",
    "https://deno.land/std@0.222.1/path/windows/normalize_glob.ts": "9c87a829b6c0f445d03b3ecadc14492e2864c3ebb966f4cea41e98326e4435c6",
    "https://deno.land/std@0.222.1/path/windows/parse.ts": "dbdfe2bc6db482d755b5f63f7207cd019240fcac02ad2efa582adf67ff10553a",
    "https://deno.land/std@0.222.1/path/windows/relative.ts": "3e1abc7977ee6cc0db2730d1f9cb38be87b0ce4806759d271a70e4997fc638d7",
    "https://deno.land/std@0.222.1/path/windows/resolve.ts": "8dae1dadfed9d46ff46cc337c9525c0c7d959fb400a6308f34595c45bdca1972",
    "https://deno.land/std@0.222.1/path/windows/to_file_url.ts": "40e560ee4854fe5a3d4d12976cef2f4e8914125c81b11f1108e127934ced502e",
    "https://deno.land/std@0.222.1/path/windows/to_namespaced_path.ts": "4ffa4fb6fae321448d5fe810b3ca741d84df4d7897e61ee29be961a6aac89a4c",
    "https://deno.land/std@0.222.1/streams/byte_slice_stream.ts": "5bbdcadb118390affa9b3d0a0f73ef8e83754f59bb89df349add669dd9369713",
    "https://deno.land/std@0.222.1/version.ts": "d64c6675de4df5f1beaacbed53885a9c558eb0cb48591d31650f83cdb165d012",
    "https://deno.land/x/oak@v12.6.1/application.ts": "3028d3f6fa5ee743de013881550d054372c11d83c45099c2d794033786d27008",
    "https://deno.land/x/oak@v12.6.1/body.ts": "1899761b97fc9d776f3710b2637fb047ba29b968609afc6c0e5219b1108e703c",
    "https://deno.land/x/oak@v12.6.1/buf_reader.ts": "26640736541598dbd9f2b84a9d0595756afff03c9ca55b66eef1911f7798b56d",
    "https://deno.land/x/oak@v12.6.1/content_disposition.ts": "8b8c3cb2fba7138cd5b7f82fc3b5ea39b33db924a824b28261659db7e164621e",
    "https://deno.land/x/oak@v12.6.1/context.ts": "895a2d40186b89c28ba3947bf08a9335f1a11fc33133f760082536b74c53d1ca",
    "https://deno.land/x/oak@v12.6.1/deps.ts": "267ef76c25592101fe1f6c6d7730664015a9179c974da4f7441297d9367a9514",
    "https://deno.land/x/oak@v12.6.1/etag.ts": "32e47726b41698aefdd71faac5aaf2907c9bdd41ef18a7693863be4f8fee115d",
    "https://deno.land/x/oak@v12.6.1/forwarded.ts": "e656f96a85574e2a6ee54dc35efc9f72d543c9ae0923760ef426ee7369eef01c",
    "https://deno.land/x/oak@v12.6.1/headers.ts": "769fd042d34fbcd5667cbd745b5c65d335cc8430e822dbf1f87d65313cab4b47",
    "https://deno.land/x/oak@v12.6.1/helpers.ts": "6b03c6a2be06ec775d54449e442a2bac234aa952948ca758356eab6dc87af618",
    "https://deno.land/x/oak@v12.6.1/http_server_native.ts": "98e12c50a959553cfc144bc00999c969fa69ca781cbd96bec563f55691ab82db",
    "https://deno.land/x/oak@v12.6.1/http_server_native_request.ts": "552b174b5e13e92de8897d5b6f716b1e5a53543115481d65a651a41e4ca29ec9",
    "https://deno.land/x/oak@v12.6.1/isMediaType.ts": "62d638abcf837ece3a8f07a4b7ca59794135cb0d4b73194c7d5837efd4161005",
    "https://deno.land/x/oak@v12.6.1/mediaTyper.ts": "042b853fc8e9c3f6c628dd389e03ef481552bf07242efc3f8a1af042102a6105",
    "https://deno.land/x/oak@v12.6.1/middleware.ts": "c7f7a0424a6dd99a00e4b8d7d6e131efc0facc8dea781845d713b63df8ef1862",
    "https://deno.land/x/oak@v12.6.1/middleware/proxy.ts": "6f2799cf60d926e7a8d13ff757a59d7f0f930407db7ee9b81e7c064138eb89ff",
    "https://deno.land/x/oak@v12.6.1/mod.ts": "f6aa47ad1b6099470c9a884cccad9d3ac0fd242ba940896291ab76cd26cf554b",
    "https://deno.land/x/oak@v12.6.1/multipart.ts": "1484e01b98f5135f2aa09f7d0ce1e7be39109bf9f045ac660e941619d04e3d29",
    "https://deno.land/x/oak@v12.6.1/range.ts": "1ca15fc1ac21c650c34e6997a75af2af9d9d8eb6fe2d5d1dadeac3dfd4a9c152",
    "https://deno.land/x/oak@v12.6.1/request.ts": "32409827e285ee65889b22bbaaea5d6b280258124c2e9a4f724baa8e6d6375b7",
    "https://deno.land/x/oak@v12.6.1/response.ts": "094d950a5158f5b3446ca8a7b6e975dd23afb42b38c38517cc2f41dc75b16b4c",
    "https://deno.land/x/oak@v12.6.1/router.ts": "0f53d6249f9e8f89f2522b2b810b9302d0f22593c184b16b24b03bf2b7d42ea1",
    "https://deno.land/x/oak@v12.6.1/send.ts": "5ec49f106294593f468317a0c885da4f3274bf6d0fe9e16a7304391730b4f4fb",
    "https://deno.land/x/oak@v12.6.1/structured_clone.ts": "c3888b14d1eec558345bfbf13d0993d59bd45aaa8588444e35dd558c3a921cd8",
    "https://deno.land/x/oak@v12.6.1/testing.ts": "37d684d57bb8e5150fb5eb2677e66b04dcb422709cf2c5a74c1df94d52aa02e2",
    "https://deno.land/x/oak@v12.6.1/util.ts": "0a3fdffb114859c2de84e1783efa3a544af4d2af8c6f08e0d25655de9d3e69bb",
    "https://deno.land/x/path_to_regexp@v6.2.1/index.ts": "894060567837bae8fc9c5cbd4d0a05e9024672083d5883b525c031eea940e556"
  },
  "workspace": {
    "packageJson": {
      "dependencies": [
        "npm:@rollup/plugin-commonjs@^24.1.0",
        "npm:@rollup/plugin-node-resolve@^15.2.3",
        "npm:@rollup/plugin-terser@^0.4.0",
        "npm:axios@^1.7.7",
        "npm:rollup-plugin-css-only@^4.5.2",
        "npm:rollup-plugin-livereload@^2.0.0",
        "npm:rollup-plugin-svelte@^7.2.2",
        "npm:rollup@^3.29.4",
        "npm:sirv-cli@^2.0.0",
        "npm:svelte-spa-router@^4.0.1",
        "npm:svelte@^3.55.0"
      ]
    }
  }
}
